
Microsoft Visual Studio Solution File, Format Version 12.00
# Visual Studio Version 16
VisualStudioVersion = 16.0.30621.155
MinimumVisualStudioVersion = 10.0.40219.1
Project("{FAE04EC0-301F-11D3-BF4B-00C04F79EFBC}") = "Collections", "Collections\Collections.csproj", "{F4582057-2115-4623-BF8E-F15E02F5ED06}"
EndProject
Project("{FAE04EC0-301F-11D3-BF4B-00C04F79EFBC}") = "Collections.Tests", "Collections.Tests\Collections.Tests.csproj", "{CA926D18-2445-4C53-843D-8BA56F152B30}"
EndProject
Global
	GlobalSection(SolutionConfigurationPlatforms) = preSolution
		Debug|Any CPU = Debug|Any CPU
		Release|Any CPU = Release|Any CPU
	EndGlobalSection
	GlobalSection(ProjectConfigurationPlatforms) = postSolution
		{F4582057-2115-4623-BF8E-F15E02F5ED06}.Debug|Any CPU.ActiveCfg = Debug|Any CPU
		{F4582057-2115-4623-BF8E-F15E02F5ED06}.Debug|Any CPU.Build.0 = Debug|Any CPU
		{F4582057-2115-4623-BF8E-F15E02F5ED06}.Release|Any CPU.ActiveCfg = Release|Any CPU
		{F4582057-2115-4623-BF8E-F15E02F5ED06}.Release|Any CPU.Build.0 = Release|Any CPU
		{CA926D18-2445-4C53-843D-8BA56F152B30}.Debug|Any CPU.ActiveCfg = Debug|Any CPU
		{CA926D18-2445-4C53-843D-8BA56F152B30}.Debug|Any CPU.Build.0 = Debug|Any CPU
		{CA926D18-2445-4C53-843D-8BA56F152B30}.Release|Any CPU.ActiveCfg = Release|Any CPU
		{CA926D18-2445-4C53-843D-8BA56F152B30}.Release|Any CPU.Build.0 = Release|Any CPU
	EndGlobalSection
	GlobalSection(SolutionProperties) = preSolution
		HideSolutionNode = FALSE
	EndGlobalSection
	GlobalSection(ExtensibilityGlobals) = postSolution
		SolutionGuid = {A0D4E03C-431F-4AD3-9C15-D7C93CD80D89}
	EndGlobalSection
EndGlobal
