
Microsoft Visual Studio Solution File, Format Version 12.00
# Visual Studio Version 16
VisualStudioVersion = 16.0.30621.155
MinimumVisualStudioVersion = 10.0.40219.1
Project("{FAE04EC0-301F-11D3-BF4B-00C04F79EFBC}") = "JSONFormat", "JSONFormat\JSONFormat.csproj", "{47D945FC-49E3-4718-B304-66428F740A0E}"
EndProject
Project("{FAE04EC0-301F-11D3-BF4B-00C04F79EFBC}") = "JSONFormat.Tests", "JSONFormat.Tests\JSONFormat.Tests.csproj", "{370D9F2B-CD38-4122-89C4-8C41299F4DD5}"
EndProject
Global
	GlobalSection(SolutionConfigurationPlatforms) = preSolution
		Debug|Any CPU = Debug|Any CPU
		Release|Any CPU = Release|Any CPU
	EndGlobalSection
	GlobalSection(ProjectConfigurationPlatforms) = postSolution
		{47D945FC-49E3-4718-B304-66428F740A0E}.Debug|Any CPU.ActiveCfg = Debug|Any CPU
		{47D945FC-49E3-4718-B304-66428F740A0E}.Debug|Any CPU.Build.0 = Debug|Any CPU
		{47D945FC-49E3-4718-B304-66428F740A0E}.Release|Any CPU.ActiveCfg = Release|Any CPU
		{47D945FC-49E3-4718-B304-66428F740A0E}.Release|Any CPU.Build.0 = Release|Any CPU
		{370D9F2B-CD38-4122-89C4-8C41299F4DD5}.Debug|Any CPU.ActiveCfg = Debug|Any CPU
		{370D9F2B-CD38-4122-89C4-8C41299F4DD5}.Debug|Any CPU.Build.0 = Debug|Any CPU
		{370D9F2B-CD38-4122-89C4-8C41299F4DD5}.Release|Any CPU.ActiveCfg = Release|Any CPU
		{370D9F2B-CD38-4122-89C4-8C41299F4DD5}.Release|Any CPU.Build.0 = Release|Any CPU
	EndGlobalSection
	GlobalSection(SolutionProperties) = preSolution
		HideSolutionNode = FALSE
	EndGlobalSection
	GlobalSection(ExtensibilityGlobals) = postSolution
		SolutionGuid = {96AD6A01-13DB-4AA0-9B72-788BDB566565}
	EndGlobalSection
EndGlobal
